
Microsoft Visual Studio Solution File, Format Version 12.00
# Visual Studio Version 16
VisualStudioVersion = 16.0.30717.126
MinimumVisualStudioVersion = 10.0.40219.1
Project("{9A19103F-16F7-4668-BE54-9A1E7A4F7556}") = "TestsGeneratorLibrary", "TestsGeneratorLibrary\TestsGeneratorLibrary.csproj", "{D54C0820-398D-4F6A-8422-36E704752012}"
EndProject
Project("{FAE04EC0-301F-11D3-BF4B-00C04F79EFBC}") = "TestsGeneratorConsole", "TestsGeneratorConsole\TestsGeneratorConsole.csproj", "{BB303FBF-ABF5-4F77-B32E-641BDCED2E5B}"
EndProject
Global
	GlobalSection(SolutionConfigurationPlatforms) = preSolution
		Debug|Any CPU = Debug|Any CPU
		Release|Any CPU = Release|Any CPU
	EndGlobalSection
	GlobalSection(ProjectConfigurationPlatforms) = postSolution
		{D54C0820-398D-4F6A-8422-36E704752012}.Debug|Any CPU.ActiveCfg = Debug|Any CPU
		{D54C0820-398D-4F6A-8422-36E704752012}.Debug|Any CPU.Build.0 = Debug|Any CPU
		{D54C0820-398D-4F6A-8422-36E704752012}.Release|Any CPU.ActiveCfg = Release|Any CPU
		{D54C0820-398D-4F6A-8422-36E704752012}.Release|Any CPU.Build.0 = Release|Any CPU
		{BB303FBF-ABF5-4F77-B32E-641BDCED2E5B}.Debug|Any CPU.ActiveCfg = Debug|Any CPU
		{BB303FBF-ABF5-4F77-B32E-641BDCED2E5B}.Debug|Any CPU.Build.0 = Debug|Any CPU
		{BB303FBF-ABF5-4F77-B32E-641BDCED2E5B}.Release|Any CPU.ActiveCfg = Release|Any CPU
		{BB303FBF-ABF5-4F77-B32E-641BDCED2E5B}.Release|Any CPU.Build.0 = Release|Any CPU
	EndGlobalSection
	GlobalSection(SolutionProperties) = preSolution
		HideSolutionNode = FALSE
	EndGlobalSection
	GlobalSection(ExtensibilityGlobals) = postSolution
		SolutionGuid = {1A701D80-A9A8-4750-BD88-CB951807334F}
	EndGlobalSection
EndGlobal
